// !$*UTF8*$!
{
	archiveVersion = 1;
	classes = {
	};
	objectVersion = 56;
	objects = {

/* Begin PBXBuildFile section */
		5D84F2672BD034580007E346 /* HomeTableViewCell.swift in Sources */ = {isa = PBXBuildFile; fileRef = 5D84F2662BD034580007E346 /* HomeTableViewCell.swift */; };
		5DF0EA422BC704EE002910A9 /* AppDelegate.swift in Sources */ = {isa = PBXBuildFile; fileRef = 5DF0EA412BC704EE002910A9 /* AppDelegate.swift */; };
		5DF0EA442BC704EE002910A9 /* SceneDelegate.swift in Sources */ = {isa = PBXBuildFile; fileRef = 5DF0EA432BC704EE002910A9 /* SceneDelegate.swift */; };
		5DF0EA462BC704EE002910A9 /* ViewController.swift in Sources */ = {isa = PBXBuildFile; fileRef = 5DF0EA452BC704EE002910A9 /* ViewController.swift */; };
		5DF0EA492BC704EE002910A9 /* Main.storyboard in Resources */ = {isa = PBXBuildFile; fileRef = 5DF0EA472BC704EE002910A9 /* Main.storyboard */; };
		5DF0EA4B2BC704F1002910A9 /* Assets.xcassets in Resources */ = {isa = PBXBuildFile; fileRef = 5DF0EA4A2BC704F1002910A9 /* Assets.xcassets */; };
		5DF0EA4E2BC704F1002910A9 /* LaunchScreen.storyboard in Resources */ = {isa = PBXBuildFile; fileRef = 5DF0EA4C2BC704F1002910A9 /* LaunchScreen.storyboard */; };
		5DF0EA562BC706D7002910A9 /* LoginViewController.swift in Sources */ = {isa = PBXBuildFile; fileRef = 5DF0EA552BC706D7002910A9 /* LoginViewController.swift */; };
		5DF0EA582BC706F3002910A9 /* RegisterViewController.swift in Sources */ = {isa = PBXBuildFile; fileRef = 5DF0EA572BC706F3002910A9 /* RegisterViewController.swift */; };
		5DF0EA5A2BC70B4D002910A9 /* HomeViewController.swift in Sources */ = {isa = PBXBuildFile; fileRef = 5DF0EA592BC70B4D002910A9 /* HomeViewController.swift */; };
		5DF0EA5C2BC70B63002910A9 /* UploadViewController.swift in Sources */ = {isa = PBXBuildFile; fileRef = 5DF0EA5B2BC70B63002910A9 /* UploadViewController.swift */; };
		5DF0EA5E2BC70B74002910A9 /* SettingsViewController.swift in Sources */ = {isa = PBXBuildFile; fileRef = 5DF0EA5D2BC70B74002910A9 /* SettingsViewController.swift */; };
		5DF0EA602BC7106F002910A9 /* GoogleService-Info.plist in Resources */ = {isa = PBXBuildFile; fileRef = 5DF0EA5F2BC7106F002910A9 /* GoogleService-Info.plist */; };
		5DF0EA642BC71138002910A9 /* FirebaseAuth in Frameworks */ = {isa = PBXBuildFile; productRef = 5DF0EA632BC71138002910A9 /* FirebaseAuth */; };
		5DF0EA662BC71148002910A9 /* FirebaseFirestore in Frameworks */ = {isa = PBXBuildFile; productRef = 5DF0EA652BC71148002910A9 /* FirebaseFirestore */; };
/* End PBXBuildFile section */

/* Begin PBXFileReference section */
		5D84F2662BD034580007E346 /* HomeTableViewCell.swift */ = {isa = PBXFileReference; lastKnownFileType = sourcecode.swift; path = HomeTableViewCell.swift; sourceTree = "<group>"; };
		5DF0EA3E2BC704EE002910A9 /* FinalProject_2311248.app */ = {isa = PBXFileReference; explicitFileType = wrapper.application; includeInIndex = 0; path = FinalProject_2311248.app; sourceTree = BUILT_PRODUCTS_DIR; };
		5DF0EA412BC704EE002910A9 /* AppDelegate.swift */ = {isa = PBXFileReference; lastKnownFileType = sourcecode.swift; path = AppDelegate.swift; sourceTree = "<group>"; };
		5DF0EA432BC704EE002910A9 /* SceneDelegate.swift */ = {isa = PBXFileReference; lastKnownFileType = sourcecode.swift; path = SceneDelegate.swift; sourceTree = "<group>"; };
		5DF0EA452BC704EE002910A9 /* ViewController.swift */ = {isa = PBXFileReference; lastKnownFileType = sourcecode.swift; path = ViewController.swift; sourceTree = "<group>"; };
		5DF0EA482BC704EE002910A9 /* Base */ = {isa = PBXFileReference; lastKnownFileType = file.storyboard; name = Base; path = Base.lproj/Main.storyboard; sourceTree = "<group>"; };
		5DF0EA4A2BC704F1002910A9 /* Assets.xcassets */ = {isa = PBXFileReference; lastKnownFileType = folder.assetcatalog; path = Assets.xcassets; sourceTree = "<group>"; };
		5DF0EA4D2BC704F1002910A9 /* Base */ = {isa = PBXFileReference; lastKnownFileType = file.storyboard; name = Base; path = Base.lproj/LaunchScreen.storyboard; sourceTree = "<group>"; };
		5DF0EA4F2BC704F1002910A9 /* Info.plist */ = {isa = PBXFileReference; lastKnownFileType = text.plist.xml; path = Info.plist; sourceTree = "<group>"; };
		5DF0EA552BC706D7002910A9 /* LoginViewController.swift */ = {isa = PBXFileReference; lastKnownFileType = sourcecode.swift; path = LoginViewController.swift; sourceTree = "<group>"; };
		5DF0EA572BC706F3002910A9 /* RegisterViewController.swift */ = {isa = PBXFileReference; lastKnownFileType = sourcecode.swift; path = RegisterViewController.swift; sourceTree = "<group>"; };
		5DF0EA592BC70B4D002910A9 /* HomeViewController.swift */ = {isa = PBXFileReference; lastKnownFileType = sourcecode.swift; path = HomeViewController.swift; sourceTree = "<group>"; };
		5DF0EA5B2BC70B63002910A9 /* UploadViewController.swift */ = {isa = PBXFileReference; lastKnownFileType = sourcecode.swift; path = UploadViewController.swift; sourceTree = "<group>"; };
		5DF0EA5D2BC70B74002910A9 /* SettingsViewController.swift */ = {isa = PBXFileReference; lastKnownFileType = sourcecode.swift; path = SettingsViewController.swift; sourceTree = "<group>"; };
		5DF0EA5F2BC7106F002910A9 /* GoogleService-Info.plist */ = {isa = PBXFileReference; fileEncoding = 4; lastKnownFileType = text.plist.xml; path = "GoogleService-Info.plist"; sourceTree = "<group>"; };
/* End PBXFileReference section */

/* Begin PBXFrameworksBuildPhase section */
		5DF0EA3B2BC704EE002910A9 /* Frameworks */ = {
			isa = PBXFrameworksBuildPhase;
			buildActionMask = 2147483647;
			files = (
				5DF0EA642BC71138002910A9 /* FirebaseAuth in Frameworks */,
				5DF0EA662BC71148002910A9 /* FirebaseFirestore in Frameworks */,
			);
			runOnlyForDeploymentPostprocessing = 0;
		};
/* End PBXFrameworksBuildPhase section */

/* Begin PBXGroup section */
		5DF0EA352BC704EE002910A9 = {
			isa = PBXGroup;
			children = (
				5DF0EA402BC704EE002910A9 /* FinalProject_2311248 */,
				5DF0EA3F2BC704EE002910A9 /* Products */,
				5DF0EA622BC71138002910A9 /* Frameworks */,
			);
			sourceTree = "<group>";
		};
		5DF0EA3F2BC704EE002910A9 /* Products */ = {
			isa = PBXGroup;
			children = (
				5DF0EA3E2BC704EE002910A9 /* FinalProject_2311248.app */,
			);
			name = Products;
			sourceTree = "<group>";
		};
		5DF0EA402BC704EE002910A9 /* FinalProject_2311248 */ = {
			isa = PBXGroup;
			children = (
				5DF0EA412BC704EE002910A9 /* AppDelegate.swift */,
				5DF0EA432BC704EE002910A9 /* SceneDelegate.swift */,
				5DF0EA452BC704EE002910A9 /* ViewController.swift */,
				5DF0EA472BC704EE002910A9 /* Main.storyboard */,
				5D84F2662BD034580007E346 /* HomeTableViewCell.swift */,
				5DF0EA592BC70B4D002910A9 /* HomeViewController.swift */,
				5DF0EA5B2BC70B63002910A9 /* UploadViewController.swift */,
				5DF0EA5D2BC70B74002910A9 /* SettingsViewController.swift */,
				5DF0EA572BC706F3002910A9 /* RegisterViewController.swift */,
				5DF0EA552BC706D7002910A9 /* LoginViewController.swift */,
				5DF0EA4A2BC704F1002910A9 /* Assets.xcassets */,
				5DF0EA4C2BC704F1002910A9 /* LaunchScreen.storyboard */,
				5DF0EA4F2BC704F1002910A9 /* Info.plist */,
				5DF0EA5F2BC7106F002910A9 /* GoogleService-Info.plist */,
			);
			path = FinalProject_2311248;
			sourceTree = "<group>";
		};
		5DF0EA622BC71138002910A9 /* Frameworks */ = {
			isa = PBXGroup;
			children = (
			);
			name = Frameworks;
			sourceTree = "<group>";
		};
/* End PBXGroup section */

/* Begin PBXNativeTarget section */
		5DF0EA3D2BC704EE002910A9 /* FinalProject_2311248 */ = {
			isa = PBXNativeTarget;
			buildConfigurationList = 5DF0EA522BC704F1002910A9 /* Build configuration list for PBXNativeTarget "FinalProject_2311248" */;
			buildPhases = (
				5DF0EA3A2BC704EE002910A9 /* Sources */,
				5DF0EA3B2BC704EE002910A9 /* Frameworks */,
				5DF0EA3C2BC704EE002910A9 /* Resources */,
			);
			buildRules = (
			);
			dependencies = (
			);
			name = FinalProject_2311248;
			packageProductDependencies = (
				5DF0EA632BC71138002910A9 /* FirebaseAuth */,
				5DF0EA652BC71148002910A9 /* FirebaseFirestore */,
			);
			productName = FinalProject_2311248;
			productReference = 5DF0EA3E2BC704EE002910A9 /* FinalProject_2311248.app */;
			productType = "com.apple.product-type.application";
		};
/* End PBXNativeTarget section */

/* Begin PBXProject section */
		5DF0EA362BC704EE002910A9 /* Project object */ = {
			isa = PBXProject;
			attributes = {
				BuildIndependentTargetsInParallel = 1;
				LastSwiftUpdateCheck = 1430;
				LastUpgradeCheck = 1430;
				TargetAttributes = {
					5DF0EA3D2BC704EE002910A9 = {
						CreatedOnToolsVersion = 14.3;
					};
				};
			};
			buildConfigurationList = 5DF0EA392BC704EE002910A9 /* Build configuration list for PBXProject "FinalProject_2311248" */;
			compatibilityVersion = "Xcode 14.0";
			developmentRegion = en;
			hasScannedForEncodings = 0;
			knownRegions = (
				en,
				Base,
			);
			mainGroup = 5DF0EA352BC704EE002910A9;
			packageReferences = (
				5DF0EA612BC7110F002910A9 /* XCRemoteSwiftPackageReference "firebase-ios-sdk" */,
			);
			productRefGroup = 5DF0EA3F2BC704EE002910A9 /* Products */;
			projectDirPath = "";
			projectRoot = "";
			targets = (
				5DF0EA3D2BC704EE002910A9 /* FinalProject_2311248 */,
			);
		};
/* End PBXProject section */

/* Begin PBXResourcesBuildPhase section */
		5DF0EA3C2BC704EE002910A9 /* Resources */ = {
			isa = PBXResourcesBuildPhase;
			buildActionMask = 2147483647;
			files = (
				5DF0EA4E2BC704F1002910A9 /* LaunchScreen.storyboard in Resources */,
				5DF0EA602BC7106F002910A9 /* GoogleService-Info.plist in Resources */,
				5DF0EA4B2BC704F1002910A9 /* Assets.xcassets in Resources */,
				5DF0EA492BC704EE002910A9 /* Main.storyboard in Resources */,
			);
			runOnlyForDeploymentPostprocessing = 0;
		};
/* End PBXResourcesBuildPhase section */

/* Begin PBXSourcesBuildPhase section */
		5DF0EA3A2BC704EE002910A9 /* Sources */ = {
			isa = PBXSourcesBuildPhase;
			buildActionMask = 2147483647;
			files = (
				5DF0EA562BC706D7002910A9 /* LoginViewController.swift in Sources */,
				5DF0EA5C2BC70B63002910A9 /* UploadViewController.swift in Sources */,
				5DF0EA582BC706F3002910A9 /* RegisterViewController.swift in Sources */,
				5DF0EA462BC704EE002910A9 /* ViewController.swift in Sources */,
				5DF0EA422BC704EE002910A9 /* AppDelegate.swift in Sources */,
				5DF0EA442BC704EE002910A9 /* SceneDelegate.swift in Sources */,
				5D84F2672BD034580007E346 /* HomeTableViewCell.swift in Sources */,
				5DF0EA5A2BC70B4D002910A9 /* HomeViewController.swift in Sources */,
				5DF0EA5E2BC70B74002910A9 /* SettingsViewController.swift in Sources */,
			);
			runOnlyForDeploymentPostprocessing = 0;
		};
/* End PBXSourcesBuildPhase section */

/* Begin PBXVariantGroup section */
		5DF0EA472BC704EE002910A9 /* Main.storyboard */ = {
			isa = PBXVariantGroup;
			children = (
				5DF0EA482BC704EE002910A9 /* Base */,
			);
			name = Main.storyboard;
			sourceTree = "<group>";
		};
		5DF0EA4C2BC704F1002910A9 /* LaunchScreen.storyboard */ = {
			isa = PBXVariantGroup;
			children = (
				5DF0EA4D2BC704F1002910A9 /* Base */,
			);
			name = LaunchScreen.storyboard;
			sourceTree = "<group>";
		};
/* End PBXVariantGroup section */

/* Begin XCBuildConfiguration section */
		5DF0EA502BC704F1002910A9 /* Debug */ = {
			isa = XCBuildConfiguration;
			buildSettings = {
				ALWAYS_SEARCH_USER_PATHS = NO;
				CLANG_ANALYZER_NONNULL = YES;
				CLANG_ANALYZER_NUMBER_OBJECT_CONVERSION = YES_AGGRESSIVE;
				CLANG_CXX_LANGUAGE_STANDARD = "gnu++20";
				CLANG_ENABLE_MODULES = YES;
				CLANG_ENABLE_OBJC_ARC = YES;
				CLANG_ENABLE_OBJC_WEAK = YES;
				CLANG_WARN_BLOCK_CAPTURE_AUTORELEASING = YES;
				CLANG_WARN_BOOL_CONVERSION = YES;
				CLANG_WARN_COMMA = YES;
				CLANG_WARN_CONSTANT_CONVERSION = YES;
				CLANG_WARN_DEPRECATED_OBJC_IMPLEMENTATIONS = YES;
				CLANG_WARN_DIRECT_OBJC_ISA_USAGE = YES_ERROR;
				CLANG_WARN_DOCUMENTATION_COMMENTS = YES;
				CLANG_WARN_EMPTY_BODY = YES;
				CLANG_WARN_ENUM_CONVERSION = YES;
				CLANG_WARN_INFINITE_RECURSION = YES;
				CLANG_WARN_INT_CONVERSION = YES;
				CLANG_WARN_NON_LITERAL_NULL_CONVERSION = YES;
				CLANG_WARN_OBJC_IMPLICIT_RETAIN_SELF = YES;
				CLANG_WARN_OBJC_LITERAL_CONVERSION = YES;
				CLANG_WARN_OBJC_ROOT_CLASS = YES_ERROR;
				CLANG_WARN_QUOTED_INCLUDE_IN_FRAMEWORK_HEADER = YES;
				CLANG_WARN_RANGE_LOOP_ANALYSIS = YES;
				CLANG_WARN_STRICT_PROTOTYPES = YES;
				CLANG_WARN_SUSPICIOUS_MOVE = YES;
				CLANG_WARN_UNGUARDED_AVAILABILITY = YES_AGGRESSIVE;
				CLANG_WARN_UNREACHABLE_CODE = YES;
				CLANG_WARN__DUPLICATE_METHOD_MATCH = YES;
				COPY_PHASE_STRIP = NO;
				DEBUG_INFORMATION_FORMAT = dwarf;
				ENABLE_STRICT_OBJC_MSGSEND = YES;
				ENABLE_TESTABILITY = YES;
				GCC_C_LANGUAGE_STANDARD = gnu11;
				GCC_DYNAMIC_NO_PIC = NO;
				GCC_NO_COMMON_BLOCKS = YES;
				GCC_OPTIMIZATION_LEVEL = 0;
				GCC_PREPROCESSOR_DEFINITIONS = (
					"DEBUG=1",
					"$(inherited)",
				);
				GCC_WARN_64_TO_32_BIT_CONVERSION = YES;
				GCC_WARN_ABOUT_RETURN_TYPE = YES_ERROR;
				GCC_WARN_UNDECLARED_SELECTOR = YES;
				GCC_WARN_UNINITIALIZED_AUTOS = YES_AGGRESSIVE;
				GCC_WARN_UNUSED_FUNCTION = YES;
				GCC_WARN_UNUSED_VARIABLE = YES;
				IPHONEOS_DEPLOYMENT_TARGET = 16.4;
				MTL_ENABLE_DEBUG_INFO = INCLUDE_SOURCE;
				MTL_FAST_MATH = YES;
				ONLY_ACTIVE_ARCH = YES;
				SDKROOT = iphoneos;
				SWIFT_ACTIVE_COMPILATION_CONDITIONS = DEBUG;
				SWIFT_OPTIMIZATION_LEVEL = "-Onone";
			};
			name = Debug;
		};
		5DF0EA512BC704F1002910A9 /* Release */ = {
			isa = XCBuildConfiguration;
			buildSettings = {
				ALWAYS_SEARCH_USER_PATHS = NO;
				CLANG_ANALYZER_NONNULL = YES;
				CLANG_ANALYZER_NUMBER_OBJECT_CONVERSION = YES_AGGRESSIVE;
				CLANG_CXX_LANGUAGE_STANDARD = "gnu++20";
				CLANG_ENABLE_MODULES = YES;
				CLANG_ENABLE_OBJC_ARC = YES;
				CLANG_ENABLE_OBJC_WEAK = YES;
				CLANG_WARN_BLOCK_CAPTURE_AUTORELEASING = YES;
				CLANG_WARN_BOOL_CONVERSION = YES;
				CLANG_WARN_COMMA = YES;
				CLANG_WARN_CONSTANT_CONVERSION = YES;
				CLANG_WARN_DEPRECATED_OBJC_IMPLEMENTATIONS = YES;
				CLANG_WARN_DIRECT_OBJC_ISA_USAGE = YES_ERROR;
				CLANG_WARN_DOCUMENTATION_COMMENTS = YES;
				CLANG_WARN_EMPTY_BODY = YES;
				CLANG_WARN_ENUM_CONVERSION = YES;
				CLANG_WARN_INFINITE_RECURSION = YES;
				CLANG_WARN_INT_CONVERSION = YES;
				CLANG_WARN_NON_LITERAL_NULL_CONVERSION = YES;
				CLANG_WARN_OBJC_IMPLICIT_RETAIN_SELF = YES;
				CLANG_WARN_OBJC_LITERAL_CONVERSION = YES;
				CLANG_WARN_OBJC_ROOT_CLASS = YES_ERROR;
				CLANG_WARN_QUOTED_INCLUDE_IN_FRAMEWORK_HEADER = YES;
				CLANG_WARN_RANGE_LOOP_ANALYSIS = YES;
				CLANG_WARN_STRICT_PROTOTYPES = YES;
				CLANG_WARN_SUSPICIOUS_MOVE = YES;
				CLANG_WARN_UNGUARDED_AVAILABILITY = YES_AGGRESSIVE;
				CLANG_WARN_UNREACHABLE_CODE = YES;
				CLANG_WARN__DUPLICATE_METHOD_MATCH = YES;
				COPY_PHASE_STRIP = NO;
				DEBUG_INFORMATION_FORMAT = "dwarf-with-dsym";
				ENABLE_NS_ASSERTIONS = NO;
				ENABLE_STRICT_OBJC_MSGSEND = YES;
				GCC_C_LANGUAGE_STANDARD = gnu11;
				GCC_NO_COMMON_BLOCKS = YES;
				GCC_WARN_64_TO_32_BIT_CONVERSION = YES;
				GCC_WARN_ABOUT_RETURN_TYPE = YES_ERROR;
				GCC_WARN_UNDECLARED_SELECTOR = YES;
				GCC_WARN_UNINITIALIZED_AUTOS = YES_AGGRESSIVE;
				GCC_WARN_UNUSED_FUNCTION = YES;
				GCC_WARN_UNUSED_VARIABLE = YES;
				IPHONEOS_DEPLOYMENT_TARGET = 16.4;
				MTL_ENABLE_DEBUG_INFO = NO;
				MTL_FAST_MATH = YES;
				SDKROOT = iphoneos;
				SWIFT_COMPILATION_MODE = wholemodule;
				SWIFT_OPTIMIZATION_LEVEL = "-O";
				VALIDATE_PRODUCT = YES;
			};
			name = Release;
		};
		5DF0EA532BC704F1002910A9 /* Debug */ = {
			isa = XCBuildConfiguration;
			buildSettings = {
				ASSETCATALOG_COMPILER_APPICON_NAME = AppIcon;
				ASSETCATALOG_COMPILER_GLOBAL_ACCENT_COLOR_NAME = AccentColor;
				CODE_SIGN_STYLE = Automatic;
				CURRENT_PROJECT_VERSION = 1;
				GENERATE_INFOPLIST_FILE = YES;
				INFOPLIST_FILE = FinalProject_2311248/Info.plist;
				INFOPLIST_KEY_UIApplicationSupportsIndirectInputEvents = YES;
				INFOPLIST_KEY_UILaunchStoryboardName = LaunchScreen;
				INFOPLIST_KEY_UIMainStoryboardFile = Main;
				INFOPLIST_KEY_UISupportedInterfaceOrientations_iPad = "UIInterfaceOrientationPortrait UIInterfaceOrientationPortraitUpsideDown UIInterfaceOrientationLandscapeLeft UIInterfaceOrientationLandscapeRight";
				INFOPLIST_KEY_UISupportedInterfaceOrientations_iPhone = "UIInterfaceOrientationPortrait UIInterfaceOrientationLandscapeLeft UIInterfaceOrientationLandscapeRight";
				LD_RUNPATH_SEARCH_PATHS = (
					"$(inherited)",
					"@executable_path/Frameworks",
				);
				MARKETING_VERSION = 1.0;
				PRODUCT_BUNDLE_IDENTIFIER = "com.lasalle.FinalProject-2311248";
				PRODUCT_NAME = "$(TARGET_NAME)";
				SWIFT_EMIT_LOC_STRINGS = YES;
				SWIFT_VERSION = 5.0;
				TARGETED_DEVICE_FAMILY = "1,2";
			};
			name = Debug;
		};
		5DF0EA542BC704F1002910A9 /* Release */ = {
			isa = XCBuildConfiguration;
			buildSettings = {
				ASSETCATALOG_COMPILER_APPICON_NAME = AppIcon;
				ASSETCATALOG_COMPILER_GLOBAL_ACCENT_COLOR_NAME = AccentColor;
				CODE_SIGN_STYLE = Automatic;
				CURRENT_PROJECT_VERSION = 1;
				GENERATE_INFOPLIST_FILE = YES;
				INFOPLIST_FILE = FinalProject_2311248/Info.plist;
				INFOPLIST_KEY_UIApplicationSupportsIndirectInputEvents = YES;
				INFOPLIST_KEY_UILaunchStoryboardName = LaunchScreen;
				INFOPLIST_KEY_UIMainStoryboardFile = Main;
				INFOPLIST_KEY_UISupportedInterfaceOrientations_iPad = "UIInterfaceOrientationPortrait UIInterfaceOrientationPortraitUpsideDown UIInterfaceOrientationLandscapeLeft UIInterfaceOrientationLandscapeRight";
				INFOPLIST_KEY_UISupportedInterfaceOrientations_iPhone = "UIInterfaceOrientationPortrait UIInterfaceOrientationLandscapeLeft UIInterfaceOrientationLandscapeRight";
				LD_RUNPATH_SEARCH_PATHS = (
					"$(inherited)",
					"@executable_path/Frameworks",
				);
				MARKETING_VERSION = 1.0;
				PRODUCT_BUNDLE_IDENTIFIER = "com.lasalle.FinalProject-2311248";
				PRODUCT_NAME = "$(TARGET_NAME)";
				SWIFT_EMIT_LOC_STRINGS = YES;
				SWIFT_VERSION = 5.0;
				TARGETED_DEVICE_FAMILY = "1,2";
			};
			name = Release;
		};
/* End XCBuildConfiguration section */

/* Begin XCConfigurationList section */
		5DF0EA392BC704EE002910A9 /* Build configuration list for PBXProject "FinalProject_2311248" */ = {
			isa = XCConfigurationList;
			buildConfigurations = (
				5DF0EA502BC704F1002910A9 /* Debug */,
				5DF0EA512BC704F1002910A9 /* Release */,
			);
			defaultConfigurationIsVisible = 0;
			defaultConfigurationName = Release;
		};
		5DF0EA522BC704F1002910A9 /* Build configuration list for PBXNativeTarget "FinalProject_2311248" */ = {
			isa = XCConfigurationList;
			buildConfigurations = (
				5DF0EA532BC704F1002910A9 /* Debug */,
				5DF0EA542BC704F1002910A9 /* Release */,
			);
			defaultConfigurationIsVisible = 0;
			defaultConfigurationName = Release;
		};
/* End XCConfigurationList section */

/* Begin XCRemoteSwiftPackageReference section */
		5DF0EA612BC7110F002910A9 /* XCRemoteSwiftPackageReference "firebase-ios-sdk" */ = {
			isa = XCRemoteSwiftPackageReference;
			repositoryURL = "https://github.com/firebase/firebase-ios-sdk";
			requirement = {
				kind = upToNextMajorVersion;
				minimumVersion = 10.0.0;
			};
		};
/* End XCRemoteSwiftPackageReference section */

/* Begin XCSwiftPackageProductDependency section */
		5DF0EA632BC71138002910A9 /* FirebaseAuth */ = {
			isa = XCSwiftPackageProductDependency;
			package = 5DF0EA612BC7110F002910A9 /* XCRemoteSwiftPackageReference "firebase-ios-sdk" */;
			productName = FirebaseAuth;
		};
		5DF0EA652BC71148002910A9 /* FirebaseFirestore */ = {
			isa = XCSwiftPackageProductDependency;
			package = 5DF0EA612BC7110F002910A9 /* XCRemoteSwiftPackageReference "firebase-ios-sdk" */;
			productName = FirebaseFirestore;
		};
/* End XCSwiftPackageProductDependency section */
	};
	rootObject = 5DF0EA362BC704EE002910A9 /* Project object */;
}
